
Microsoft Visual Studio Solution File, Format Version 12.00
# Visual Studio Version 16
VisualStudioVersion = 16.0.29424.173
MinimumVisualStudioVersion = 10.0.40219.1
Project("{9A19103F-16F7-4668-BE54-9A1E7A4F7556}") = "HotelDb.Domain", "HotelDbCore\HotelDb.Domain.csproj", "{C459032A-4FA5-4332-A16B-05FE6D22C0B5}"
EndProject
Project("{9A19103F-16F7-4668-BE54-9A1E7A4F7556}") = "HotelDb.WebUI", "WebApp\HotelDb.WebUI.csproj", "{79CDBBA3-C699-43BE-A9D5-615002346DF8}"
EndProject
Project("{FAE04EC0-301F-11D3-BF4B-00C04F79EFBC}") = "HotelDb.DataLayer", "DataLayer\HotelDb.DataLayer.csproj", "{C9817DA2-821F-4C94-A6AD-B46F0A8AA621}"
EndProject
Global
	GlobalSection(SolutionConfigurationPlatforms) = preSolution
		Debug|Any CPU = Debug|Any CPU
		Release|Any CPU = Release|Any CPU
	EndGlobalSection
	GlobalSection(ProjectConfigurationPlatforms) = postSolution
		{C459032A-4FA5-4332-A16B-05FE6D22C0B5}.Debug|Any CPU.ActiveCfg = Debug|Any CPU
		{C459032A-4FA5-4332-A16B-05FE6D22C0B5}.Debug|Any CPU.Build.0 = Debug|Any CPU
		{C459032A-4FA5-4332-A16B-05FE6D22C0B5}.Release|Any CPU.ActiveCfg = Release|Any CPU
		{C459032A-4FA5-4332-A16B-05FE6D22C0B5}.Release|Any CPU.Build.0 = Release|Any CPU
		{79CDBBA3-C699-43BE-A9D5-615002346DF8}.Debug|Any CPU.ActiveCfg = Debug|Any CPU
		{79CDBBA3-C699-43BE-A9D5-615002346DF8}.Debug|Any CPU.Build.0 = Debug|Any CPU
		{79CDBBA3-C699-43BE-A9D5-615002346DF8}.Release|Any CPU.ActiveCfg = Release|Any CPU
		{79CDBBA3-C699-43BE-A9D5-615002346DF8}.Release|Any CPU.Build.0 = Release|Any CPU
		{C9817DA2-821F-4C94-A6AD-B46F0A8AA621}.Debug|Any CPU.ActiveCfg = Debug|Any CPU
		{C9817DA2-821F-4C94-A6AD-B46F0A8AA621}.Debug|Any CPU.Build.0 = Debug|Any CPU
		{C9817DA2-821F-4C94-A6AD-B46F0A8AA621}.Release|Any CPU.ActiveCfg = Release|Any CPU
		{C9817DA2-821F-4C94-A6AD-B46F0A8AA621}.Release|Any CPU.Build.0 = Release|Any CPU
	EndGlobalSection
	GlobalSection(SolutionProperties) = preSolution
		HideSolutionNode = FALSE
	EndGlobalSection
	GlobalSection(ExtensibilityGlobals) = postSolution
		SolutionGuid = {DD2E32B6-EE53-4D43-8D03-3DAC940E8C04}
	EndGlobalSection
EndGlobal
